
Microsoft Visual Studio Solution File, Format Version 12.00
# Visual Studio 15
VisualStudioVersion = 15.0.27004.2009
MinimumVisualStudioVersion = 10.0.40219.1
Project("{2150E333-8FDC-42A3-9474-1A3956D46DE8}") = "FrameWork", "FrameWork", "{8C6C48A4-1C57-4C54-B9CE-2B0BBF12D1B7}"
EndProject
Project("{2150E333-8FDC-42A3-9474-1A3956D46DE8}") = "Modules", "Modules", "{ABF3507D-5808-404A-BDC7-444BF55FE3F9}"
EndProject
Project("{FAE04EC0-301F-11D3-BF4B-00C04F79EFBC}") = "U-Soft", "U-Soft.csproj", "{491D32F2-496E-4137-88C5-47664AE72065}"
EndProject
Project("{FAE04EC0-301F-11D3-BF4B-00C04F79EFBC}") = "USoft.Common", "..\U-Soft.Common\USoft.Common.csproj", "{FDD3F992-B580-41FE-82D0-8062DB25EEC4}"
EndProject
Project("{FAE04EC0-301F-11D3-BF4B-00C04F79EFBC}") = "USoft.AccordionMenu", "..\USoft.AccordionMenu\USoft.AccordionMenu.csproj", "{5069B86D-4F02-44FE-830F-25842E36D6D4}"
EndProject
Project("{FAE04EC0-301F-11D3-BF4B-00C04F79EFBC}") = "USoft.Insurance", "..\USoft.Insurance\USoft.Insurance.csproj", "{261FB5E5-246E-4C0A-9B29-413FEEB8014F}"
EndProject
Project("{FAE04EC0-301F-11D3-BF4B-00C04F79EFBC}") = "USoft.Compliance", "..\USoft.Compliance\USoft.Compliance.csproj", "{7D57ED79-95CD-44FA-9626-795DC8883A19}"
EndProject
Project("{FAE04EC0-301F-11D3-BF4B-00C04F79EFBC}") = "USoft.Reports", "..\USoft.Reports\USoft.Reports.csproj", "{1020E93A-8A64-4ACA-BB7E-1F43161B6CD7}"
EndProject
Project("{FAE04EC0-301F-11D3-BF4B-00C04F79EFBC}") = "USoft.Marketing", "..\USoft.Marketing\USoft.Marketing.csproj", "{F93CD851-C1E6-42FB-AA9A-1BDA482FAB57}"
EndProject
Project("{FAE04EC0-301F-11D3-BF4B-00C04F79EFBC}") = "USoft.Globalization", "..\USoft.Globalization\USoft.Globalization.csproj", "{4AD38A71-91A3-4D38-BB46-B57E0663B60C}"
EndProject
Project("{FAE04EC0-301F-11D3-BF4B-00C04F79EFBC}") = "USoft.DataAccess", "..\USoft.DataAccess\USoft.DataAccess.csproj", "{0D5F265A-845A-4DD8-A5DF-1FCFC530431F}"
EndProject
Project("{00D1A9C2-B5F0-4AF3-8072-F6C62B433612}") = "USoft.Database", "..\USoft.Database\USoft.Database.sqlproj", "{97D0EE73-4E72-4BE8-84B0-8EB588F468ED}"
EndProject
Project("{F14B399A-7131-4C87-9E4B-1186C45EF12D}") = "USoft.Reporting", "..\USoft.Reporting\USoft.Reporting.rptproj", "{818F51B8-7C08-41DA-8410-27962DEA0B59}"
	ProjectSection(WebsiteProperties) = preProject
		Debug.AspNetCompiler.Debug = "True"
		Release.AspNetCompiler.Debug = "False"
	EndProjectSection
EndProject
Global
	GlobalSection(SolutionConfigurationPlatforms) = preSolution
		Debug|.NET = Debug|.NET
		Debug|Any CPU = Debug|Any CPU
		Debug|Mixed Platforms = Debug|Mixed Platforms
		DebugLocal|.NET = DebugLocal|.NET
		DebugLocal|Any CPU = DebugLocal|Any CPU
		DebugLocal|Mixed Platforms = DebugLocal|Mixed Platforms
		Default|.NET = Default|.NET
		Default|Any CPU = Default|Any CPU
		Default|Mixed Platforms = Default|Mixed Platforms
		Development|.NET = Development|.NET
		Development|Any CPU = Development|Any CPU
		Development|Mixed Platforms = Development|Mixed Platforms
		Production|.NET = Production|.NET
		Production|Any CPU = Production|Any CPU
		Production|Mixed Platforms = Production|Mixed Platforms
		Release|.NET = Release|.NET
		Release|Any CPU = Release|Any CPU
		Release|Mixed Platforms = Release|Mixed Platforms
	EndGlobalSection
	GlobalSection(ProjectConfigurationPlatforms) = postSolution
		{491D32F2-496E-4137-88C5-47664AE72065}.Debug|.NET.ActiveCfg = Debug|Any CPU
		{491D32F2-496E-4137-88C5-47664AE72065}.Debug|Any CPU.ActiveCfg = Debug|Any CPU
		{491D32F2-496E-4137-88C5-47664AE72065}.Debug|Any CPU.Build.0 = Debug|Any CPU
		{491D32F2-496E-4137-88C5-47664AE72065}.Debug|Mixed Platforms.ActiveCfg = Debug|Any CPU
		{491D32F2-496E-4137-88C5-47664AE72065}.Debug|Mixed Platforms.Build.0 = Debug|Any CPU
		{491D32F2-496E-4137-88C5-47664AE72065}.DebugLocal|.NET.ActiveCfg = Debug|Any CPU
		{491D32F2-496E-4137-88C5-47664AE72065}.DebugLocal|Any CPU.ActiveCfg = Debug|Any CPU
		{491D32F2-496E-4137-88C5-47664AE72065}.DebugLocal|Any CPU.Build.0 = Debug|Any CPU
		{491D32F2-496E-4137-88C5-47664AE72065}.DebugLocal|Mixed Platforms.ActiveCfg = Debug|Any CPU
		{491D32F2-496E-4137-88C5-47664AE72065}.DebugLocal|Mixed Platforms.Build.0 = Debug|Any CPU
		{491D32F2-496E-4137-88C5-47664AE72065}.Default|.NET.ActiveCfg = Debug|Any CPU
		{491D32F2-496E-4137-88C5-47664AE72065}.Default|Any CPU.ActiveCfg = Debug|Any CPU
		{491D32F2-496E-4137-88C5-47664AE72065}.Default|Any CPU.Build.0 = Debug|Any CPU
		{491D32F2-496E-4137-88C5-47664AE72065}.Default|Mixed Platforms.ActiveCfg = Debug|Any CPU
		{491D32F2-496E-4137-88C5-47664AE72065}.Default|Mixed Platforms.Build.0 = Debug|Any CPU
		{491D32F2-496E-4137-88C5-47664AE72065}.Development|.NET.ActiveCfg = Debug|Any CPU
		{491D32F2-496E-4137-88C5-47664AE72065}.Development|Any CPU.ActiveCfg = Debug|Any CPU
		{491D32F2-496E-4137-88C5-47664AE72065}.Development|Any CPU.Build.0 = Debug|Any CPU
		{491D32F2-496E-4137-88C5-47664AE72065}.Development|Mixed Platforms.ActiveCfg = Debug|Any CPU
		{491D32F2-496E-4137-88C5-47664AE72065}.Development|Mixed Platforms.Build.0 = Debug|Any CPU
		{491D32F2-496E-4137-88C5-47664AE72065}.Production|.NET.ActiveCfg = Release|Any CPU
		{491D32F2-496E-4137-88C5-47664AE72065}.Production|Any CPU.ActiveCfg = Release|Any CPU
		{491D32F2-496E-4137-88C5-47664AE72065}.Production|Any CPU.Build.0 = Release|Any CPU
		{491D32F2-496E-4137-88C5-47664AE72065}.Production|Mixed Platforms.ActiveCfg = Release|Any CPU
		{491D32F2-496E-4137-88C5-47664AE72065}.Production|Mixed Platforms.Build.0 = Release|Any CPU
		{491D32F2-496E-4137-88C5-47664AE72065}.Release|.NET.ActiveCfg = Release|Any CPU
		{491D32F2-496E-4137-88C5-47664AE72065}.Release|Any CPU.ActiveCfg = Release|Any CPU
		{491D32F2-496E-4137-88C5-47664AE72065}.Release|Any CPU.Build.0 = Release|Any CPU
		{491D32F2-496E-4137-88C5-47664AE72065}.Release|Mixed Platforms.ActiveCfg = Release|Any CPU
		{491D32F2-496E-4137-88C5-47664AE72065}.Release|Mixed Platforms.Build.0 = Release|Any CPU
		{FDD3F992-B580-41FE-82D0-8062DB25EEC4}.Debug|.NET.ActiveCfg = Debug|Any CPU
		{FDD3F992-B580-41FE-82D0-8062DB25EEC4}.Debug|Any CPU.ActiveCfg = Debug|Any CPU
		{FDD3F992-B580-41FE-82D0-8062DB25EEC4}.Debug|Any CPU.Build.0 = Debug|Any CPU
		{FDD3F992-B580-41FE-82D0-8062DB25EEC4}.Debug|Mixed Platforms.ActiveCfg = Debug|Any CPU
		{FDD3F992-B580-41FE-82D0-8062DB25EEC4}.Debug|Mixed Platforms.Build.0 = Debug|Any CPU
		{FDD3F992-B580-41FE-82D0-8062DB25EEC4}.DebugLocal|.NET.ActiveCfg = Debug|Any CPU
		{FDD3F992-B580-41FE-82D0-8062DB25EEC4}.DebugLocal|Any CPU.ActiveCfg = Debug|Any CPU
		{FDD3F992-B580-41FE-82D0-8062DB25EEC4}.DebugLocal|Any CPU.Build.0 = Debug|Any CPU
		{FDD3F992-B580-41FE-82D0-8062DB25EEC4}.DebugLocal|Mixed Platforms.ActiveCfg = Debug|Any CPU
		{FDD3F992-B580-41FE-82D0-8062DB25EEC4}.DebugLocal|Mixed Platforms.Build.0 = Debug|Any CPU
		{FDD3F992-B580-41FE-82D0-8062DB25EEC4}.Default|.NET.ActiveCfg = Debug|Any CPU
		{FDD3F992-B580-41FE-82D0-8062DB25EEC4}.Default|Any CPU.ActiveCfg = Debug|Any CPU
		{FDD3F992-B580-41FE-82D0-8062DB25EEC4}.Default|Any CPU.Build.0 = Debug|Any CPU
		{FDD3F992-B580-41FE-82D0-8062DB25EEC4}.Default|Mixed Platforms.ActiveCfg = Debug|Any CPU
		{FDD3F992-B580-41FE-82D0-8062DB25EEC4}.Default|Mixed Platforms.Build.0 = Debug|Any CPU
		{FDD3F992-B580-41FE-82D0-8062DB25EEC4}.Development|.NET.ActiveCfg = Debug|Any CPU
		{FDD3F992-B580-41FE-82D0-8062DB25EEC4}.Development|Any CPU.ActiveCfg = Debug|Any CPU
		{FDD3F992-B580-41FE-82D0-8062DB25EEC4}.Development|Any CPU.Build.0 = Debug|Any CPU
		{FDD3F992-B580-41FE-82D0-8062DB25EEC4}.Development|Mixed Platforms.ActiveCfg = Debug|Any CPU
		{FDD3F992-B580-41FE-82D0-8062DB25EEC4}.Development|Mixed Platforms.Build.0 = Debug|Any CPU
		{FDD3F992-B580-41FE-82D0-8062DB25EEC4}.Production|.NET.ActiveCfg = Release|Any CPU
		{FDD3F992-B580-41FE-82D0-8062DB25EEC4}.Production|Any CPU.ActiveCfg = Release|Any CPU
		{FDD3F992-B580-41FE-82D0-8062DB25EEC4}.Production|Any CPU.Build.0 = Release|Any CPU
		{FDD3F992-B580-41FE-82D0-8062DB25EEC4}.Production|Mixed Platforms.ActiveCfg = Release|Any CPU
		{FDD3F992-B580-41FE-82D0-8062DB25EEC4}.Production|Mixed Platforms.Build.0 = Release|Any CPU
		{FDD3F992-B580-41FE-82D0-8062DB25EEC4}.Release|.NET.ActiveCfg = Release|Any CPU
		{FDD3F992-B580-41FE-82D0-8062DB25EEC4}.Release|Any CPU.ActiveCfg = Release|Any CPU
		{FDD3F992-B580-41FE-82D0-8062DB25EEC4}.Release|Any CPU.Build.0 = Release|Any CPU
		{FDD3F992-B580-41FE-82D0-8062DB25EEC4}.Release|Mixed Platforms.ActiveCfg = Release|Any CPU
		{FDD3F992-B580-41FE-82D0-8062DB25EEC4}.Release|Mixed Platforms.Build.0 = Release|Any CPU
		{5069B86D-4F02-44FE-830F-25842E36D6D4}.Debug|.NET.ActiveCfg = Debug|Any CPU
		{5069B86D-4F02-44FE-830F-25842E36D6D4}.Debug|Any CPU.ActiveCfg = Debug|Any CPU
		{5069B86D-4F02-44FE-830F-25842E36D6D4}.Debug|Any CPU.Build.0 = Debug|Any CPU
		{5069B86D-4F02-44FE-830F-25842E36D6D4}.Debug|Mixed Platforms.ActiveCfg = Debug|Any CPU
		{5069B86D-4F02-44FE-830F-25842E36D6D4}.Debug|Mixed Platforms.Build.0 = Debug|Any CPU
		{5069B86D-4F02-44FE-830F-25842E36D6D4}.DebugLocal|.NET.ActiveCfg = Debug|Any CPU
		{5069B86D-4F02-44FE-830F-25842E36D6D4}.DebugLocal|Any CPU.ActiveCfg = Debug|Any CPU
		{5069B86D-4F02-44FE-830F-25842E36D6D4}.DebugLocal|Any CPU.Build.0 = Debug|Any CPU
		{5069B86D-4F02-44FE-830F-25842E36D6D4}.DebugLocal|Mixed Platforms.ActiveCfg = Debug|Any CPU
		{5069B86D-4F02-44FE-830F-25842E36D6D4}.DebugLocal|Mixed Platforms.Build.0 = Debug|Any CPU
		{5069B86D-4F02-44FE-830F-25842E36D6D4}.Default|.NET.ActiveCfg = Debug|Any CPU
		{5069B86D-4F02-44FE-830F-25842E36D6D4}.Default|Any CPU.ActiveCfg = Debug|Any CPU
		{5069B86D-4F02-44FE-830F-25842E36D6D4}.Default|Any CPU.Build.0 = Debug|Any CPU
		{5069B86D-4F02-44FE-830F-25842E36D6D4}.Default|Mixed Platforms.ActiveCfg = Debug|Any CPU
		{5069B86D-4F02-44FE-830F-25842E36D6D4}.Default|Mixed Platforms.Build.0 = Debug|Any CPU
		{5069B86D-4F02-44FE-830F-25842E36D6D4}.Development|.NET.ActiveCfg = Debug|Any CPU
		{5069B86D-4F02-44FE-830F-25842E36D6D4}.Development|Any CPU.ActiveCfg = Debug|Any CPU
		{5069B86D-4F02-44FE-830F-25842E36D6D4}.Development|Any CPU.Build.0 = Debug|Any CPU
		{5069B86D-4F02-44FE-830F-25842E36D6D4}.Development|Mixed Platforms.ActiveCfg = Debug|Any CPU
		{5069B86D-4F02-44FE-830F-25842E36D6D4}.Development|Mixed Platforms.Build.0 = Debug|Any CPU
		{5069B86D-4F02-44FE-830F-25842E36D6D4}.Production|.NET.ActiveCfg = Release|Any CPU
		{5069B86D-4F02-44FE-830F-25842E36D6D4}.Production|Any CPU.ActiveCfg = Release|Any CPU
		{5069B86D-4F02-44FE-830F-25842E36D6D4}.Production|Any CPU.Build.0 = Release|Any CPU
		{5069B86D-4F02-44FE-830F-25842E36D6D4}.Production|Mixed Platforms.ActiveCfg = Release|Any CPU
		{5069B86D-4F02-44FE-830F-25842E36D6D4}.Production|Mixed Platforms.Build.0 = Release|Any CPU
		{5069B86D-4F02-44FE-830F-25842E36D6D4}.Release|.NET.ActiveCfg = Release|Any CPU
		{5069B86D-4F02-44FE-830F-25842E36D6D4}.Release|Any CPU.ActiveCfg = Release|Any CPU
		{5069B86D-4F02-44FE-830F-25842E36D6D4}.Release|Any CPU.Build.0 = Release|Any CPU
		{5069B86D-4F02-44FE-830F-25842E36D6D4}.Release|Mixed Platforms.ActiveCfg = Release|Any CPU
		{5069B86D-4F02-44FE-830F-25842E36D6D4}.Release|Mixed Platforms.Build.0 = Release|Any CPU
		{261FB5E5-246E-4C0A-9B29-413FEEB8014F}.Debug|.NET.ActiveCfg = Debug|Any CPU
		{261FB5E5-246E-4C0A-9B29-413FEEB8014F}.Debug|Any CPU.ActiveCfg = Debug|Any CPU
		{261FB5E5-246E-4C0A-9B29-413FEEB8014F}.Debug|Any CPU.Build.0 = Debug|Any CPU
		{261FB5E5-246E-4C0A-9B29-413FEEB8014F}.Debug|Mixed Platforms.ActiveCfg = Debug|Any CPU
		{261FB5E5-246E-4C0A-9B29-413FEEB8014F}.Debug|Mixed Platforms.Build.0 = Debug|Any CPU
		{261FB5E5-246E-4C0A-9B29-413FEEB8014F}.DebugLocal|.NET.ActiveCfg = Debug|Any CPU
		{261FB5E5-246E-4C0A-9B29-413FEEB8014F}.DebugLocal|Any CPU.ActiveCfg = Debug|Any CPU
		{261FB5E5-246E-4C0A-9B29-413FEEB8014F}.DebugLocal|Any CPU.Build.0 = Debug|Any CPU
		{261FB5E5-246E-4C0A-9B29-413FEEB8014F}.DebugLocal|Mixed Platforms.ActiveCfg = Debug|Any CPU
		{261FB5E5-246E-4C0A-9B29-413FEEB8014F}.DebugLocal|Mixed Platforms.Build.0 = Debug|Any CPU
		{261FB5E5-246E-4C0A-9B29-413FEEB8014F}.Default|.NET.ActiveCfg = Debug|Any CPU
		{261FB5E5-246E-4C0A-9B29-413FEEB8014F}.Default|Any CPU.ActiveCfg = Debug|Any CPU
		{261FB5E5-246E-4C0A-9B29-413FEEB8014F}.Default|Any CPU.Build.0 = Debug|Any CPU
		{261FB5E5-246E-4C0A-9B29-413FEEB8014F}.Default|Mixed Platforms.ActiveCfg = Debug|Any CPU
		{261FB5E5-246E-4C0A-9B29-413FEEB8014F}.Default|Mixed Platforms.Build.0 = Debug|Any CPU
		{261FB5E5-246E-4C0A-9B29-413FEEB8014F}.Development|.NET.ActiveCfg = Debug|Any CPU
		{261FB5E5-246E-4C0A-9B29-413FEEB8014F}.Development|Any CPU.ActiveCfg = Debug|Any CPU
		{261FB5E5-246E-4C0A-9B29-413FEEB8014F}.Development|Any CPU.Build.0 = Debug|Any CPU
		{261FB5E5-246E-4C0A-9B29-413FEEB8014F}.Development|Mixed Platforms.ActiveCfg = Debug|Any CPU
		{261FB5E5-246E-4C0A-9B29-413FEEB8014F}.Development|Mixed Platforms.Build.0 = Debug|Any CPU
		{261FB5E5-246E-4C0A-9B29-413FEEB8014F}.Production|.NET.ActiveCfg = Release|Any CPU
		{261FB5E5-246E-4C0A-9B29-413FEEB8014F}.Production|Any CPU.ActiveCfg = Release|Any CPU
		{261FB5E5-246E-4C0A-9B29-413FEEB8014F}.Production|Any CPU.Build.0 = Release|Any CPU
		{261FB5E5-246E-4C0A-9B29-413FEEB8014F}.Production|Mixed Platforms.ActiveCfg = Release|Any CPU
		{261FB5E5-246E-4C0A-9B29-413FEEB8014F}.Production|Mixed Platforms.Build.0 = Release|Any CPU
		{261FB5E5-246E-4C0A-9B29-413FEEB8014F}.Release|.NET.ActiveCfg = Release|Any CPU
		{261FB5E5-246E-4C0A-9B29-413FEEB8014F}.Release|Any CPU.ActiveCfg = Release|Any CPU
		{261FB5E5-246E-4C0A-9B29-413FEEB8014F}.Release|Any CPU.Build.0 = Release|Any CPU
		{261FB5E5-246E-4C0A-9B29-413FEEB8014F}.Release|Mixed Platforms.ActiveCfg = Release|Any CPU
		{261FB5E5-246E-4C0A-9B29-413FEEB8014F}.Release|Mixed Platforms.Build.0 = Release|Any CPU
		{7D57ED79-95CD-44FA-9626-795DC8883A19}.Debug|.NET.ActiveCfg = Debug|Any CPU
		{7D57ED79-95CD-44FA-9626-795DC8883A19}.Debug|Any CPU.ActiveCfg = Debug|Any CPU
		{7D57ED79-95CD-44FA-9626-795DC8883A19}.Debug|Any CPU.Build.0 = Debug|Any CPU
		{7D57ED79-95CD-44FA-9626-795DC8883A19}.Debug|Mixed Platforms.ActiveCfg = Debug|Any CPU
		{7D57ED79-95CD-44FA-9626-795DC8883A19}.Debug|Mixed Platforms.Build.0 = Debug|Any CPU
		{7D57ED79-95CD-44FA-9626-795DC8883A19}.DebugLocal|.NET.ActiveCfg = Debug|Any CPU
		{7D57ED79-95CD-44FA-9626-795DC8883A19}.DebugLocal|Any CPU.ActiveCfg = Debug|Any CPU
		{7D57ED79-95CD-44FA-9626-795DC8883A19}.DebugLocal|Any CPU.Build.0 = Debug|Any CPU
		{7D57ED79-95CD-44FA-9626-795DC8883A19}.DebugLocal|Mixed Platforms.ActiveCfg = Debug|Any CPU
		{7D57ED79-95CD-44FA-9626-795DC8883A19}.DebugLocal|Mixed Platforms.Build.0 = Debug|Any CPU
		{7D57ED79-95CD-44FA-9626-795DC8883A19}.Default|.NET.ActiveCfg = Debug|Any CPU
		{7D57ED79-95CD-44FA-9626-795DC8883A19}.Default|Any CPU.ActiveCfg = Debug|Any CPU
		{7D57ED79-95CD-44FA-9626-795DC8883A19}.Default|Any CPU.Build.0 = Debug|Any CPU
		{7D57ED79-95CD-44FA-9626-795DC8883A19}.Default|Mixed Platforms.ActiveCfg = Debug|Any CPU
		{7D57ED79-95CD-44FA-9626-795DC8883A19}.Default|Mixed Platforms.Build.0 = Debug|Any CPU
		{7D57ED79-95CD-44FA-9626-795DC8883A19}.Development|.NET.ActiveCfg = Debug|Any CPU
		{7D57ED79-95CD-44FA-9626-795DC8883A19}.Development|Any CPU.ActiveCfg = Debug|Any CPU
		{7D57ED79-95CD-44FA-9626-795DC8883A19}.Development|Any CPU.Build.0 = Debug|Any CPU
		{7D57ED79-95CD-44FA-9626-795DC8883A19}.Development|Mixed Platforms.ActiveCfg = Debug|Any CPU
		{7D57ED79-95CD-44FA-9626-795DC8883A19}.Development|Mixed Platforms.Build.0 = Debug|Any CPU
		{7D57ED79-95CD-44FA-9626-795DC8883A19}.Production|.NET.ActiveCfg = Release|Any CPU
		{7D57ED79-95CD-44FA-9626-795DC8883A19}.Production|Any CPU.ActiveCfg = Release|Any CPU
		{7D57ED79-95CD-44FA-9626-795DC8883A19}.Production|Any CPU.Build.0 = Release|Any CPU
		{7D57ED79-95CD-44FA-9626-795DC8883A19}.Production|Mixed Platforms.ActiveCfg = Release|Any CPU
		{7D57ED79-95CD-44FA-9626-795DC8883A19}.Production|Mixed Platforms.Build.0 = Release|Any CPU
		{7D57ED79-95CD-44FA-9626-795DC8883A19}.Release|.NET.ActiveCfg = Release|Any CPU
		{7D57ED79-95CD-44FA-9626-795DC8883A19}.Release|Any CPU.ActiveCfg = Release|Any CPU
		{7D57ED79-95CD-44FA-9626-795DC8883A19}.Release|Any CPU.Build.0 = Release|Any CPU
		{7D57ED79-95CD-44FA-9626-795DC8883A19}.Release|Mixed Platforms.ActiveCfg = Release|Any CPU
		{7D57ED79-95CD-44FA-9626-795DC8883A19}.Release|Mixed Platforms.Build.0 = Release|Any CPU
		{1020E93A-8A64-4ACA-BB7E-1F43161B6CD7}.Debug|.NET.ActiveCfg = Debug|Any CPU
		{1020E93A-8A64-4ACA-BB7E-1F43161B6CD7}.Debug|Any CPU.ActiveCfg = Debug|Any CPU
		{1020E93A-8A64-4ACA-BB7E-1F43161B6CD7}.Debug|Any CPU.Build.0 = Debug|Any CPU
		{1020E93A-8A64-4ACA-BB7E-1F43161B6CD7}.Debug|Mixed Platforms.ActiveCfg = Debug|Any CPU
		{1020E93A-8A64-4ACA-BB7E-1F43161B6CD7}.Debug|Mixed Platforms.Build.0 = Debug|Any CPU
		{1020E93A-8A64-4ACA-BB7E-1F43161B6CD7}.DebugLocal|.NET.ActiveCfg = Debug|Any CPU
		{1020E93A-8A64-4ACA-BB7E-1F43161B6CD7}.DebugLocal|Any CPU.ActiveCfg = Debug|Any CPU
		{1020E93A-8A64-4ACA-BB7E-1F43161B6CD7}.DebugLocal|Any CPU.Build.0 = Debug|Any CPU
		{1020E93A-8A64-4ACA-BB7E-1F43161B6CD7}.DebugLocal|Mixed Platforms.ActiveCfg = Debug|Any CPU
		{1020E93A-8A64-4ACA-BB7E-1F43161B6CD7}.DebugLocal|Mixed Platforms.Build.0 = Debug|Any CPU
		{1020E93A-8A64-4ACA-BB7E-1F43161B6CD7}.Default|.NET.ActiveCfg = Debug|Any CPU
		{1020E93A-8A64-4ACA-BB7E-1F43161B6CD7}.Default|Any CPU.ActiveCfg = Debug|Any CPU
		{1020E93A-8A64-4ACA-BB7E-1F43161B6CD7}.Default|Any CPU.Build.0 = Debug|Any CPU
		{1020E93A-8A64-4ACA-BB7E-1F43161B6CD7}.Default|Mixed Platforms.ActiveCfg = Debug|Any CPU
		{1020E93A-8A64-4ACA-BB7E-1F43161B6CD7}.Default|Mixed Platforms.Build.0 = Debug|Any CPU
		{1020E93A-8A64-4ACA-BB7E-1F43161B6CD7}.Development|.NET.ActiveCfg = Debug|Any CPU
		{1020E93A-8A64-4ACA-BB7E-1F43161B6CD7}.Development|Any CPU.ActiveCfg = Debug|Any CPU
		{1020E93A-8A64-4ACA-BB7E-1F43161B6CD7}.Development|Any CPU.Build.0 = Debug|Any CPU
		{1020E93A-8A64-4ACA-BB7E-1F43161B6CD7}.Development|Mixed Platforms.ActiveCfg = Debug|Any CPU
		{1020E93A-8A64-4ACA-BB7E-1F43161B6CD7}.Development|Mixed Platforms.Build.0 = Debug|Any CPU
		{1020E93A-8A64-4ACA-BB7E-1F43161B6CD7}.Production|.NET.ActiveCfg = Release|Any CPU
		{1020E93A-8A64-4ACA-BB7E-1F43161B6CD7}.Production|Any CPU.ActiveCfg = Release|Any CPU
		{1020E93A-8A64-4ACA-BB7E-1F43161B6CD7}.Production|Any CPU.Build.0 = Release|Any CPU
		{1020E93A-8A64-4ACA-BB7E-1F43161B6CD7}.Production|Mixed Platforms.ActiveCfg = Release|Any CPU
		{1020E93A-8A64-4ACA-BB7E-1F43161B6CD7}.Production|Mixed Platforms.Build.0 = Release|Any CPU
		{1020E93A-8A64-4ACA-BB7E-1F43161B6CD7}.Release|.NET.ActiveCfg = Release|Any CPU
		{1020E93A-8A64-4ACA-BB7E-1F43161B6CD7}.Release|Any CPU.ActiveCfg = Release|Any CPU
		{1020E93A-8A64-4ACA-BB7E-1F43161B6CD7}.Release|Any CPU.Build.0 = Release|Any CPU
		{1020E93A-8A64-4ACA-BB7E-1F43161B6CD7}.Release|Mixed Platforms.ActiveCfg = Release|Any CPU
		{1020E93A-8A64-4ACA-BB7E-1F43161B6CD7}.Release|Mixed Platforms.Build.0 = Release|Any CPU
		{F93CD851-C1E6-42FB-AA9A-1BDA482FAB57}.Debug|.NET.ActiveCfg = Debug|Any CPU
		{F93CD851-C1E6-42FB-AA9A-1BDA482FAB57}.Debug|Any CPU.ActiveCfg = Debug|Any CPU
		{F93CD851-C1E6-42FB-AA9A-1BDA482FAB57}.Debug|Any CPU.Build.0 = Debug|Any CPU
		{F93CD851-C1E6-42FB-AA9A-1BDA482FAB57}.Debug|Mixed Platforms.ActiveCfg = Debug|Any CPU
		{F93CD851-C1E6-42FB-AA9A-1BDA482FAB57}.Debug|Mixed Platforms.Build.0 = Debug|Any CPU
		{F93CD851-C1E6-42FB-AA9A-1BDA482FAB57}.DebugLocal|.NET.ActiveCfg = Debug|Any CPU
		{F93CD851-C1E6-42FB-AA9A-1BDA482FAB57}.DebugLocal|Any CPU.ActiveCfg = Debug|Any CPU
		{F93CD851-C1E6-42FB-AA9A-1BDA482FAB57}.DebugLocal|Any CPU.Build.0 = Debug|Any CPU
		{F93CD851-C1E6-42FB-AA9A-1BDA482FAB57}.DebugLocal|Mixed Platforms.ActiveCfg = Debug|Any CPU
		{F93CD851-C1E6-42FB-AA9A-1BDA482FAB57}.DebugLocal|Mixed Platforms.Build.0 = Debug|Any CPU
		{F93CD851-C1E6-42FB-AA9A-1BDA482FAB57}.Default|.NET.ActiveCfg = Debug|Any CPU
		{F93CD851-C1E6-42FB-AA9A-1BDA482FAB57}.Default|Any CPU.ActiveCfg = Debug|Any CPU
		{F93CD851-C1E6-42FB-AA9A-1BDA482FAB57}.Default|Any CPU.Build.0 = Debug|Any CPU
		{F93CD851-C1E6-42FB-AA9A-1BDA482FAB57}.Default|Mixed Platforms.ActiveCfg = Debug|Any CPU
		{F93CD851-C1E6-42FB-AA9A-1BDA482FAB57}.Default|Mixed Platforms.Build.0 = Debug|Any CPU
		{F93CD851-C1E6-42FB-AA9A-1BDA482FAB57}.Development|.NET.ActiveCfg = Debug|Any CPU
		{F93CD851-C1E6-42FB-AA9A-1BDA482FAB57}.Development|Any CPU.ActiveCfg = Debug|Any CPU
		{F93CD851-C1E6-42FB-AA9A-1BDA482FAB57}.Development|Any CPU.Build.0 = Debug|Any CPU
		{F93CD851-C1E6-42FB-AA9A-1BDA482FAB57}.Development|Mixed Platforms.ActiveCfg = Debug|Any CPU
		{F93CD851-C1E6-42FB-AA9A-1BDA482FAB57}.Development|Mixed Platforms.Build.0 = Debug|Any CPU
		{F93CD851-C1E6-42FB-AA9A-1BDA482FAB57}.Production|.NET.ActiveCfg = Release|Any CPU
		{F93CD851-C1E6-42FB-AA9A-1BDA482FAB57}.Production|Any CPU.ActiveCfg = Release|Any CPU
		{F93CD851-C1E6-42FB-AA9A-1BDA482FAB57}.Production|Any CPU.Build.0 = Release|Any CPU
		{F93CD851-C1E6-42FB-AA9A-1BDA482FAB57}.Production|Mixed Platforms.ActiveCfg = Release|Any CPU
		{F93CD851-C1E6-42FB-AA9A-1BDA482FAB57}.Production|Mixed Platforms.Build.0 = Release|Any CPU
		{F93CD851-C1E6-42FB-AA9A-1BDA482FAB57}.Release|.NET.ActiveCfg = Release|Any CPU
		{F93CD851-C1E6-42FB-AA9A-1BDA482FAB57}.Release|Any CPU.ActiveCfg = Release|Any CPU
		{F93CD851-C1E6-42FB-AA9A-1BDA482FAB57}.Release|Any CPU.Build.0 = Release|Any CPU
		{F93CD851-C1E6-42FB-AA9A-1BDA482FAB57}.Release|Mixed Platforms.ActiveCfg = Release|Any CPU
		{F93CD851-C1E6-42FB-AA9A-1BDA482FAB57}.Release|Mixed Platforms.Build.0 = Release|Any CPU
		{4AD38A71-91A3-4D38-BB46-B57E0663B60C}.Debug|.NET.ActiveCfg = Debug|Any CPU
		{4AD38A71-91A3-4D38-BB46-B57E0663B60C}.Debug|Any CPU.ActiveCfg = Debug|Any CPU
		{4AD38A71-91A3-4D38-BB46-B57E0663B60C}.Debug|Any CPU.Build.0 = Debug|Any CPU
		{4AD38A71-91A3-4D38-BB46-B57E0663B60C}.Debug|Mixed Platforms.ActiveCfg = Debug|Any CPU
		{4AD38A71-91A3-4D38-BB46-B57E0663B60C}.Debug|Mixed Platforms.Build.0 = Debug|Any CPU
		{4AD38A71-91A3-4D38-BB46-B57E0663B60C}.DebugLocal|.NET.ActiveCfg = Debug|Any CPU
		{4AD38A71-91A3-4D38-BB46-B57E0663B60C}.DebugLocal|Any CPU.ActiveCfg = Debug|Any CPU
		{4AD38A71-91A3-4D38-BB46-B57E0663B60C}.DebugLocal|Any CPU.Build.0 = Debug|Any CPU
		{4AD38A71-91A3-4D38-BB46-B57E0663B60C}.DebugLocal|Mixed Platforms.ActiveCfg = Debug|Any CPU
		{4AD38A71-91A3-4D38-BB46-B57E0663B60C}.DebugLocal|Mixed Platforms.Build.0 = Debug|Any CPU
		{4AD38A71-91A3-4D38-BB46-B57E0663B60C}.Default|.NET.ActiveCfg = Debug|Any CPU
		{4AD38A71-91A3-4D38-BB46-B57E0663B60C}.Default|Any CPU.ActiveCfg = Debug|Any CPU
		{4AD38A71-91A3-4D38-BB46-B57E0663B60C}.Default|Any CPU.Build.0 = Debug|Any CPU
		{4AD38A71-91A3-4D38-BB46-B57E0663B60C}.Default|Mixed Platforms.ActiveCfg = Debug|Any CPU
		{4AD38A71-91A3-4D38-BB46-B57E0663B60C}.Default|Mixed Platforms.Build.0 = Debug|Any CPU
		{4AD38A71-91A3-4D38-BB46-B57E0663B60C}.Development|.NET.ActiveCfg = Debug|Any CPU
		{4AD38A71-91A3-4D38-BB46-B57E0663B60C}.Development|Any CPU.ActiveCfg = Debug|Any CPU
		{4AD38A71-91A3-4D38-BB46-B57E0663B60C}.Development|Any CPU.Build.0 = Debug|Any CPU
		{4AD38A71-91A3-4D38-BB46-B57E0663B60C}.Development|Mixed Platforms.ActiveCfg = Debug|Any CPU
		{4AD38A71-91A3-4D38-BB46-B57E0663B60C}.Development|Mixed Platforms.Build.0 = Debug|Any CPU
		{4AD38A71-91A3-4D38-BB46-B57E0663B60C}.Production|.NET.ActiveCfg = Release|Any CPU
		{4AD38A71-91A3-4D38-BB46-B57E0663B60C}.Production|Any CPU.ActiveCfg = Release|Any CPU
		{4AD38A71-91A3-4D38-BB46-B57E0663B60C}.Production|Any CPU.Build.0 = Release|Any CPU
		{4AD38A71-91A3-4D38-BB46-B57E0663B60C}.Production|Mixed Platforms.ActiveCfg = Release|Any CPU
		{4AD38A71-91A3-4D38-BB46-B57E0663B60C}.Production|Mixed Platforms.Build.0 = Release|Any CPU
		{4AD38A71-91A3-4D38-BB46-B57E0663B60C}.Release|.NET.ActiveCfg = Release|Any CPU
		{4AD38A71-91A3-4D38-BB46-B57E0663B60C}.Release|Any CPU.ActiveCfg = Release|Any CPU
		{4AD38A71-91A3-4D38-BB46-B57E0663B60C}.Release|Any CPU.Build.0 = Release|Any CPU
		{4AD38A71-91A3-4D38-BB46-B57E0663B60C}.Release|Mixed Platforms.ActiveCfg = Release|Any CPU
		{4AD38A71-91A3-4D38-BB46-B57E0663B60C}.Release|Mixed Platforms.Build.0 = Release|Any CPU
		{0D5F265A-845A-4DD8-A5DF-1FCFC530431F}.Debug|.NET.ActiveCfg = Debug|Any CPU
		{0D5F265A-845A-4DD8-A5DF-1FCFC530431F}.Debug|Any CPU.ActiveCfg = Debug|Any CPU
		{0D5F265A-845A-4DD8-A5DF-1FCFC530431F}.Debug|Any CPU.Build.0 = Debug|Any CPU
		{0D5F265A-845A-4DD8-A5DF-1FCFC530431F}.Debug|Mixed Platforms.ActiveCfg = Debug|Any CPU
		{0D5F265A-845A-4DD8-A5DF-1FCFC530431F}.Debug|Mixed Platforms.Build.0 = Debug|Any CPU
		{0D5F265A-845A-4DD8-A5DF-1FCFC530431F}.DebugLocal|.NET.ActiveCfg = Debug|Any CPU
		{0D5F265A-845A-4DD8-A5DF-1FCFC530431F}.DebugLocal|Any CPU.ActiveCfg = Debug|Any CPU
		{0D5F265A-845A-4DD8-A5DF-1FCFC530431F}.DebugLocal|Any CPU.Build.0 = Debug|Any CPU
		{0D5F265A-845A-4DD8-A5DF-1FCFC530431F}.DebugLocal|Mixed Platforms.ActiveCfg = Debug|Any CPU
		{0D5F265A-845A-4DD8-A5DF-1FCFC530431F}.DebugLocal|Mixed Platforms.Build.0 = Debug|Any CPU
		{0D5F265A-845A-4DD8-A5DF-1FCFC530431F}.Default|.NET.ActiveCfg = Debug|Any CPU
		{0D5F265A-845A-4DD8-A5DF-1FCFC530431F}.Default|Any CPU.ActiveCfg = Debug|Any CPU
		{0D5F265A-845A-4DD8-A5DF-1FCFC530431F}.Default|Any CPU.Build.0 = Debug|Any CPU
		{0D5F265A-845A-4DD8-A5DF-1FCFC530431F}.Default|Mixed Platforms.ActiveCfg = Debug|Any CPU
		{0D5F265A-845A-4DD8-A5DF-1FCFC530431F}.Default|Mixed Platforms.Build.0 = Debug|Any CPU
		{0D5F265A-845A-4DD8-A5DF-1FCFC530431F}.Development|.NET.ActiveCfg = Debug|Any CPU
		{0D5F265A-845A-4DD8-A5DF-1FCFC530431F}.Development|Any CPU.ActiveCfg = Debug|Any CPU
		{0D5F265A-845A-4DD8-A5DF-1FCFC530431F}.Development|Any CPU.Build.0 = Debug|Any CPU
		{0D5F265A-845A-4DD8-A5DF-1FCFC530431F}.Development|Mixed Platforms.ActiveCfg = Debug|Any CPU
		{0D5F265A-845A-4DD8-A5DF-1FCFC530431F}.Development|Mixed Platforms.Build.0 = Debug|Any CPU
		{0D5F265A-845A-4DD8-A5DF-1FCFC530431F}.Production|.NET.ActiveCfg = Release|Any CPU
		{0D5F265A-845A-4DD8-A5DF-1FCFC530431F}.Production|Any CPU.ActiveCfg = Release|Any CPU
		{0D5F265A-845A-4DD8-A5DF-1FCFC530431F}.Production|Any CPU.Build.0 = Release|Any CPU
		{0D5F265A-845A-4DD8-A5DF-1FCFC530431F}.Production|Mixed Platforms.ActiveCfg = Release|Any CPU
		{0D5F265A-845A-4DD8-A5DF-1FCFC530431F}.Production|Mixed Platforms.Build.0 = Release|Any CPU
		{0D5F265A-845A-4DD8-A5DF-1FCFC530431F}.Release|.NET.ActiveCfg = Release|Any CPU
		{0D5F265A-845A-4DD8-A5DF-1FCFC530431F}.Release|Any CPU.ActiveCfg = Release|Any CPU
		{0D5F265A-845A-4DD8-A5DF-1FCFC530431F}.Release|Any CPU.Build.0 = Release|Any CPU
		{0D5F265A-845A-4DD8-A5DF-1FCFC530431F}.Release|Mixed Platforms.ActiveCfg = Release|Any CPU
		{0D5F265A-845A-4DD8-A5DF-1FCFC530431F}.Release|Mixed Platforms.Build.0 = Release|Any CPU
		{97D0EE73-4E72-4BE8-84B0-8EB588F468ED}.Debug|.NET.ActiveCfg = Debug|Any CPU
		{97D0EE73-4E72-4BE8-84B0-8EB588F468ED}.Debug|.NET.Build.0 = Debug|Any CPU
		{97D0EE73-4E72-4BE8-84B0-8EB588F468ED}.Debug|.NET.Deploy.0 = Debug|Any CPU
		{97D0EE73-4E72-4BE8-84B0-8EB588F468ED}.Debug|Any CPU.ActiveCfg = Debug|Any CPU
		{97D0EE73-4E72-4BE8-84B0-8EB588F468ED}.Debug|Any CPU.Build.0 = Debug|Any CPU
		{97D0EE73-4E72-4BE8-84B0-8EB588F468ED}.Debug|Any CPU.Deploy.0 = Debug|Any CPU
		{97D0EE73-4E72-4BE8-84B0-8EB588F468ED}.Debug|Mixed Platforms.ActiveCfg = Debug|Any CPU
		{97D0EE73-4E72-4BE8-84B0-8EB588F468ED}.Debug|Mixed Platforms.Build.0 = Debug|Any CPU
		{97D0EE73-4E72-4BE8-84B0-8EB588F468ED}.Debug|Mixed Platforms.Deploy.0 = Debug|Any CPU
		{97D0EE73-4E72-4BE8-84B0-8EB588F468ED}.DebugLocal|.NET.ActiveCfg = Debug|Any CPU
		{97D0EE73-4E72-4BE8-84B0-8EB588F468ED}.DebugLocal|.NET.Build.0 = Debug|Any CPU
		{97D0EE73-4E72-4BE8-84B0-8EB588F468ED}.DebugLocal|.NET.Deploy.0 = Debug|Any CPU
		{97D0EE73-4E72-4BE8-84B0-8EB588F468ED}.DebugLocal|Any CPU.ActiveCfg = Debug|Any CPU
		{97D0EE73-4E72-4BE8-84B0-8EB588F468ED}.DebugLocal|Any CPU.Build.0 = Debug|Any CPU
		{97D0EE73-4E72-4BE8-84B0-8EB588F468ED}.DebugLocal|Any CPU.Deploy.0 = Debug|Any CPU
		{97D0EE73-4E72-4BE8-84B0-8EB588F468ED}.DebugLocal|Mixed Platforms.ActiveCfg = Debug|Any CPU
		{97D0EE73-4E72-4BE8-84B0-8EB588F468ED}.DebugLocal|Mixed Platforms.Build.0 = Debug|Any CPU
		{97D0EE73-4E72-4BE8-84B0-8EB588F468ED}.DebugLocal|Mixed Platforms.Deploy.0 = Debug|Any CPU
		{97D0EE73-4E72-4BE8-84B0-8EB588F468ED}.Default|.NET.ActiveCfg = Debug|Any CPU
		{97D0EE73-4E72-4BE8-84B0-8EB588F468ED}.Default|.NET.Build.0 = Debug|Any CPU
		{97D0EE73-4E72-4BE8-84B0-8EB588F468ED}.Default|.NET.Deploy.0 = Debug|Any CPU
		{97D0EE73-4E72-4BE8-84B0-8EB588F468ED}.Default|Any CPU.ActiveCfg = Debug|Any CPU
		{97D0EE73-4E72-4BE8-84B0-8EB588F468ED}.Default|Any CPU.Build.0 = Debug|Any CPU
		{97D0EE73-4E72-4BE8-84B0-8EB588F468ED}.Default|Any CPU.Deploy.0 = Debug|Any CPU
		{97D0EE73-4E72-4BE8-84B0-8EB588F468ED}.Default|Mixed Platforms.ActiveCfg = Debug|Any CPU
		{97D0EE73-4E72-4BE8-84B0-8EB588F468ED}.Default|Mixed Platforms.Build.0 = Debug|Any CPU
		{97D0EE73-4E72-4BE8-84B0-8EB588F468ED}.Default|Mixed Platforms.Deploy.0 = Debug|Any CPU
		{97D0EE73-4E72-4BE8-84B0-8EB588F468ED}.Development|.NET.ActiveCfg = Debug|Any CPU
		{97D0EE73-4E72-4BE8-84B0-8EB588F468ED}.Development|.NET.Build.0 = Debug|Any CPU
		{97D0EE73-4E72-4BE8-84B0-8EB588F468ED}.Development|.NET.Deploy.0 = Debug|Any CPU
		{97D0EE73-4E72-4BE8-84B0-8EB588F468ED}.Development|Any CPU.ActiveCfg = Debug|Any CPU
		{97D0EE73-4E72-4BE8-84B0-8EB588F468ED}.Development|Any CPU.Build.0 = Debug|Any CPU
		{97D0EE73-4E72-4BE8-84B0-8EB588F468ED}.Development|Any CPU.Deploy.0 = Debug|Any CPU
		{97D0EE73-4E72-4BE8-84B0-8EB588F468ED}.Development|Mixed Platforms.ActiveCfg = Debug|Any CPU
		{97D0EE73-4E72-4BE8-84B0-8EB588F468ED}.Development|Mixed Platforms.Build.0 = Debug|Any CPU
		{97D0EE73-4E72-4BE8-84B0-8EB588F468ED}.Development|Mixed Platforms.Deploy.0 = Debug|Any CPU
		{97D0EE73-4E72-4BE8-84B0-8EB588F468ED}.Production|.NET.ActiveCfg = Debug|Any CPU
		{97D0EE73-4E72-4BE8-84B0-8EB588F468ED}.Production|.NET.Build.0 = Debug|Any CPU
		{97D0EE73-4E72-4BE8-84B0-8EB588F468ED}.Production|.NET.Deploy.0 = Debug|Any CPU
		{97D0EE73-4E72-4BE8-84B0-8EB588F468ED}.Production|Any CPU.ActiveCfg = Debug|Any CPU
		{97D0EE73-4E72-4BE8-84B0-8EB588F468ED}.Production|Any CPU.Build.0 = Debug|Any CPU
		{97D0EE73-4E72-4BE8-84B0-8EB588F468ED}.Production|Any CPU.Deploy.0 = Debug|Any CPU
		{97D0EE73-4E72-4BE8-84B0-8EB588F468ED}.Production|Mixed Platforms.ActiveCfg = Debug|Any CPU
		{97D0EE73-4E72-4BE8-84B0-8EB588F468ED}.Production|Mixed Platforms.Build.0 = Debug|Any CPU
		{97D0EE73-4E72-4BE8-84B0-8EB588F468ED}.Production|Mixed Platforms.Deploy.0 = Debug|Any CPU
		{97D0EE73-4E72-4BE8-84B0-8EB588F468ED}.Release|.NET.ActiveCfg = Release|Any CPU
		{97D0EE73-4E72-4BE8-84B0-8EB588F468ED}.Release|.NET.Build.0 = Release|Any CPU
		{97D0EE73-4E72-4BE8-84B0-8EB588F468ED}.Release|.NET.Deploy.0 = Release|Any CPU
		{97D0EE73-4E72-4BE8-84B0-8EB588F468ED}.Release|Any CPU.ActiveCfg = Release|Any CPU
		{97D0EE73-4E72-4BE8-84B0-8EB588F468ED}.Release|Any CPU.Build.0 = Release|Any CPU
		{97D0EE73-4E72-4BE8-84B0-8EB588F468ED}.Release|Any CPU.Deploy.0 = Release|Any CPU
		{97D0EE73-4E72-4BE8-84B0-8EB588F468ED}.Release|Mixed Platforms.ActiveCfg = Release|Any CPU
		{97D0EE73-4E72-4BE8-84B0-8EB588F468ED}.Release|Mixed Platforms.Build.0 = Release|Any CPU
		{97D0EE73-4E72-4BE8-84B0-8EB588F468ED}.Release|Mixed Platforms.Deploy.0 = Release|Any CPU
		{818F51B8-7C08-41DA-8410-27962DEA0B59}.Debug|.NET.ActiveCfg = DebugLocal
		{818F51B8-7C08-41DA-8410-27962DEA0B59}.Debug|.NET.Build.0 = DebugLocal
		{818F51B8-7C08-41DA-8410-27962DEA0B59}.Debug|Any CPU.ActiveCfg = DebugLocal
		{818F51B8-7C08-41DA-8410-27962DEA0B59}.Debug|Any CPU.Build.0 = DebugLocal
		{818F51B8-7C08-41DA-8410-27962DEA0B59}.Debug|Mixed Platforms.ActiveCfg = DebugLocal
		{818F51B8-7C08-41DA-8410-27962DEA0B59}.Debug|Mixed Platforms.Build.0 = DebugLocal
		{818F51B8-7C08-41DA-8410-27962DEA0B59}.DebugLocal|.NET.ActiveCfg = DebugLocal
		{818F51B8-7C08-41DA-8410-27962DEA0B59}.DebugLocal|.NET.Build.0 = DebugLocal
		{818F51B8-7C08-41DA-8410-27962DEA0B59}.DebugLocal|Any CPU.ActiveCfg = DebugLocal
		{818F51B8-7C08-41DA-8410-27962DEA0B59}.DebugLocal|Any CPU.Build.0 = DebugLocal
		{818F51B8-7C08-41DA-8410-27962DEA0B59}.DebugLocal|Mixed Platforms.ActiveCfg = DebugLocal
		{818F51B8-7C08-41DA-8410-27962DEA0B59}.DebugLocal|Mixed Platforms.Build.0 = DebugLocal
		{818F51B8-7C08-41DA-8410-27962DEA0B59}.Default|.NET.ActiveCfg = DebugLocal
		{818F51B8-7C08-41DA-8410-27962DEA0B59}.Default|.NET.Build.0 = DebugLocal
		{818F51B8-7C08-41DA-8410-27962DEA0B59}.Default|Any CPU.ActiveCfg = DebugLocal
		{818F51B8-7C08-41DA-8410-27962DEA0B59}.Default|Any CPU.Build.0 = DebugLocal
		{818F51B8-7C08-41DA-8410-27962DEA0B59}.Default|Mixed Platforms.ActiveCfg = DebugLocal
		{818F51B8-7C08-41DA-8410-27962DEA0B59}.Default|Mixed Platforms.Build.0 = DebugLocal
		{818F51B8-7C08-41DA-8410-27962DEA0B59}.Development|.NET.ActiveCfg = DebugLocal
		{818F51B8-7C08-41DA-8410-27962DEA0B59}.Development|.NET.Build.0 = DebugLocal
		{818F51B8-7C08-41DA-8410-27962DEA0B59}.Development|Any CPU.ActiveCfg = DebugLocal
		{818F51B8-7C08-41DA-8410-27962DEA0B59}.Development|Any CPU.Build.0 = DebugLocal
		{818F51B8-7C08-41DA-8410-27962DEA0B59}.Development|Mixed Platforms.ActiveCfg = DebugLocal
		{818F51B8-7C08-41DA-8410-27962DEA0B59}.Development|Mixed Platforms.Build.0 = DebugLocal
		{818F51B8-7C08-41DA-8410-27962DEA0B59}.Production|.NET.ActiveCfg = Production
		{818F51B8-7C08-41DA-8410-27962DEA0B59}.Production|.NET.Build.0 = Production
		{818F51B8-7C08-41DA-8410-27962DEA0B59}.Production|.NET.Deploy.0 = Production
		{818F51B8-7C08-41DA-8410-27962DEA0B59}.Production|Any CPU.ActiveCfg = Production
		{818F51B8-7C08-41DA-8410-27962DEA0B59}.Production|Any CPU.Build.0 = Production
		{818F51B8-7C08-41DA-8410-27962DEA0B59}.Production|Any CPU.Deploy.0 = Production
		{818F51B8-7C08-41DA-8410-27962DEA0B59}.Production|Mixed Platforms.ActiveCfg = Production
		{818F51B8-7C08-41DA-8410-27962DEA0B59}.Production|Mixed Platforms.Build.0 = Production
		{818F51B8-7C08-41DA-8410-27962DEA0B59}.Production|Mixed Platforms.Deploy.0 = Production
		{818F51B8-7C08-41DA-8410-27962DEA0B59}.Release|.NET.ActiveCfg = Production
		{818F51B8-7C08-41DA-8410-27962DEA0B59}.Release|.NET.Build.0 = Production
		{818F51B8-7C08-41DA-8410-27962DEA0B59}.Release|.NET.Deploy.0 = Production
		{818F51B8-7C08-41DA-8410-27962DEA0B59}.Release|Any CPU.ActiveCfg = Production
		{818F51B8-7C08-41DA-8410-27962DEA0B59}.Release|Any CPU.Build.0 = Production
		{818F51B8-7C08-41DA-8410-27962DEA0B59}.Release|Any CPU.Deploy.0 = Production
		{818F51B8-7C08-41DA-8410-27962DEA0B59}.Release|Mixed Platforms.ActiveCfg = Production
		{818F51B8-7C08-41DA-8410-27962DEA0B59}.Release|Mixed Platforms.Build.0 = Production
		{818F51B8-7C08-41DA-8410-27962DEA0B59}.Release|Mixed Platforms.Deploy.0 = Production
	EndGlobalSection
	GlobalSection(SolutionProperties) = preSolution
		HideSolutionNode = FALSE
	EndGlobalSection
	GlobalSection(NestedProjects) = preSolution
		{FDD3F992-B580-41FE-82D0-8062DB25EEC4} = {8C6C48A4-1C57-4C54-B9CE-2B0BBF12D1B7}
		{5069B86D-4F02-44FE-830F-25842E36D6D4} = {8C6C48A4-1C57-4C54-B9CE-2B0BBF12D1B7}
		{261FB5E5-246E-4C0A-9B29-413FEEB8014F} = {ABF3507D-5808-404A-BDC7-444BF55FE3F9}
		{7D57ED79-95CD-44FA-9626-795DC8883A19} = {ABF3507D-5808-404A-BDC7-444BF55FE3F9}
		{1020E93A-8A64-4ACA-BB7E-1F43161B6CD7} = {ABF3507D-5808-404A-BDC7-444BF55FE3F9}
		{F93CD851-C1E6-42FB-AA9A-1BDA482FAB57} = {ABF3507D-5808-404A-BDC7-444BF55FE3F9}
		{4AD38A71-91A3-4D38-BB46-B57E0663B60C} = {ABF3507D-5808-404A-BDC7-444BF55FE3F9}
	EndGlobalSection
	GlobalSection(ExtensibilityGlobals) = postSolution
		SolutionGuid = {9EF19D78-E4A0-4F12-9E55-E579547DA43B}
	EndGlobalSection
EndGlobal
